// !$*UTF8*$!
{
	archiveVersion = 1;
	classes = {
	};
	objectVersion = 50;
	objects = {

/* Begin PBXBuildFile section */
		98985DE221E5ABE7003CE914 /* AppDelegate.swift in Sources */ = {isa = PBXBuildFile; fileRef = 98985DE121E5ABE7003CE914 /* AppDelegate.swift */; };
		98985DE421E5ABE7003CE914 /* GameScene.sks in Resources */ = {isa = PBXBuildFile; fileRef = 98985DE321E5ABE7003CE914 /* GameScene.sks */; };
		98985DE621E5ABE7003CE914 /* Actions.sks in Resources */ = {isa = PBXBuildFile; fileRef = 98985DE521E5ABE7003CE914 /* Actions.sks */; };
		98985DE821E5ABE7003CE914 /* GameScene.swift in Sources */ = {isa = PBXBuildFile; fileRef = 98985DE721E5ABE7003CE914 /* GameScene.swift */; };
		98985DEA21E5ABE7003CE914 /* GameViewController.swift in Sources */ = {isa = PBXBuildFile; fileRef = 98985DE921E5ABE7003CE914 /* GameViewController.swift */; };
		98985DED21E5ABE7003CE914 /* Main.storyboard in Resources */ = {isa = PBXBuildFile; fileRef = 98985DEB21E5ABE7003CE914 /* Main.storyboard */; };
		98985DEF21E5ABE8003CE914 /* Assets.xcassets in Resources */ = {isa = PBXBuildFile; fileRef = 98985DEE21E5ABE8003CE914 /* Assets.xcassets */; };
		98985DF221E5ABE8003CE914 /* LaunchScreen.storyboard in Resources */ = {isa = PBXBuildFile; fileRef = 98985DF021E5ABE8003CE914 /* LaunchScreen.storyboard */; };
		98985DFA21E5AD0B003CE914 /* GameElements.swift in Sources */ = {isa = PBXBuildFile; fileRef = 98985DF921E5AD0B003CE914 /* GameElements.swift */; };
		98985DFC21E5B79B003CE914 /* GameOverScene.swift in Sources */ = {isa = PBXBuildFile; fileRef = 98985DFB21E5B79B003CE914 /* GameOverScene.swift */; };
		98985DFE21E5B966003CE914 /* pixelMusic.wav in Resources */ = {isa = PBXBuildFile; fileRef = 98985DFD21E5B966003CE914 /* pixelMusic.wav */; };
/* End PBXBuildFile section */

/* Begin PBXFileReference section */
		98985DDE21E5ABE7003CE914 /* Divider.app */ = {isa = PBXFileReference; explicitFileType = wrapper.application; includeInIndex = 0; path = Divider.app; sourceTree = BUILT_PRODUCTS_DIR; };
		98985DE121E5ABE7003CE914 /* AppDelegate.swift */ = {isa = PBXFileReference; lastKnownFileType = sourcecode.swift; path = AppDelegate.swift; sourceTree = "<group>"; };
		98985DE321E5ABE7003CE914 /* GameScene.sks */ = {isa = PBXFileReference; lastKnownFileType = file.sks; path = GameScene.sks; sourceTree = "<group>"; };
		98985DE521E5ABE7003CE914 /* Actions.sks */ = {isa = PBXFileReference; lastKnownFileType = file.sks; path = Actions.sks; sourceTree = "<group>"; };
		98985DE721E5ABE7003CE914 /* GameScene.swift */ = {isa = PBXFileReference; lastKnownFileType = sourcecode.swift; path = GameScene.swift; sourceTree = "<group>"; };
		98985DE921E5ABE7003CE914 /* GameViewController.swift */ = {isa = PBXFileReference; lastKnownFileType = sourcecode.swift; path = GameViewController.swift; sourceTree = "<group>"; };
		98985DEC21E5ABE7003CE914 /* Base */ = {isa = PBXFileReference; lastKnownFileType = file.storyboard; name = Base; path = Base.lproj/Main.storyboard; sourceTree = "<group>"; };
		98985DEE21E5ABE8003CE914 /* Assets.xcassets */ = {isa = PBXFileReference; lastKnownFileType = folder.assetcatalog; path = Assets.xcassets; sourceTree = "<group>"; };
		98985DF121E5ABE8003CE914 /* Base */ = {isa = PBXFileReference; lastKnownFileType = file.storyboard; name = Base; path = Base.lproj/LaunchScreen.storyboard; sourceTree = "<group>"; };
		98985DF321E5ABE8003CE914 /* Info.plist */ = {isa = PBXFileReference; lastKnownFileType = text.plist.xml; path = Info.plist; sourceTree = "<group>"; };
		98985DF921E5AD0B003CE914 /* GameElements.swift */ = {isa = PBXFileReference; lastKnownFileType = sourcecode.swift; path = GameElements.swift; sourceTree = "<group>"; };
		98985DFB21E5B79B003CE914 /* GameOverScene.swift */ = {isa = PBXFileReference; lastKnownFileType = sourcecode.swift; path = GameOverScene.swift; sourceTree = "<group>"; };
		98985DFD21E5B966003CE914 /* pixelMusic.wav */ = {isa = PBXFileReference; lastKnownFileType = audio.wav; path = pixelMusic.wav; sourceTree = "<group>"; };
/* End PBXFileReference section */

/* Begin PBXFrameworksBuildPhase section */
		98985DDB21E5ABE7003CE914 /* Frameworks */ = {
			isa = PBXFrameworksBuildPhase;
			buildActionMask = 2147483647;
			files = (
			);
			runOnlyForDeploymentPostprocessing = 0;
		};
/* End PBXFrameworksBuildPhase section */

/* Begin PBXGroup section */
		98985DD521E5ABE7003CE914 = {
			isa = PBXGroup;
			children = (
				98985DE021E5ABE7003CE914 /* Divider */,
				98985DDF21E5ABE7003CE914 /* Products */,
				98985DFD21E5B966003CE914 /* pixelMusic.wav */,
			);
			sourceTree = "<group>";
		};
		98985DDF21E5ABE7003CE914 /* Products */ = {
			isa = PBXGroup;
			children = (
				98985DDE21E5ABE7003CE914 /* Divider.app */,
			);
			name = Products;
			sourceTree = "<group>";
		};
		98985DE021E5ABE7003CE914 /* Divider */ = {
			isa = PBXGroup;
			children = (
				98985DE121E5ABE7003CE914 /* AppDelegate.swift */,
				98985DE321E5ABE7003CE914 /* GameScene.sks */,
				98985DE521E5ABE7003CE914 /* Actions.sks */,
				98985DE721E5ABE7003CE914 /* GameScene.swift */,
				98985DFB21E5B79B003CE914 /* GameOverScene.swift */,
				98985DF921E5AD0B003CE914 /* GameElements.swift */,
				98985DE921E5ABE7003CE914 /* GameViewController.swift */,
				98985DEB21E5ABE7003CE914 /* Main.storyboard */,
				98985DEE21E5ABE8003CE914 /* Assets.xcassets */,
				98985DF021E5ABE8003CE914 /* LaunchScreen.storyboard */,
				98985DF321E5ABE8003CE914 /* Info.plist */,
			);
			path = Divider;
			sourceTree = "<group>";
		};
/* End PBXGroup section */

/* Begin PBXNativeTarget section */
		98985DDD21E5ABE7003CE914 /* Divider */ = {
			isa = PBXNativeTarget;
			buildConfigurationList = 98985DF621E5ABE8003CE914 /* Build configuration list for PBXNativeTarget "Divider" */;
			buildPhases = (
				98985DDA21E5ABE7003CE914 /* Sources */,
				98985DDB21E5ABE7003CE914 /* Frameworks */,
				98985DDC21E5ABE7003CE914 /* Resources */,
			);
			buildRules = (
			);
			dependencies = (
			);
			name = Divider;
			productName = Divider;
			productReference = 98985DDE21E5ABE7003CE914 /* Divider.app */;
			productType = "com.apple.product-type.application";
		};
/* End PBXNativeTarget section */

/* Begin PBXProject section */
		98985DD621E5ABE7003CE914 /* Project object */ = {
			isa = PBXProject;
			attributes = {
				LastSwiftUpdateCheck = 1010;
				LastUpgradeCheck = 1010;
				ORGANIZATIONNAME = "Edxio Kraudy";
				TargetAttributes = {
					98985DDD21E5ABE7003CE914 = {
						CreatedOnToolsVersion = 10.1;
					};
				};
			};
			buildConfigurationList = 98985DD921E5ABE7003CE914 /* Build configuration list for PBXProject "Divider" */;
			compatibilityVersion = "Xcode 9.3";
			developmentRegion = en;
			hasScannedForEncodings = 0;
			knownRegions = (
				en,
				Base,
			);
			mainGroup = 98985DD521E5ABE7003CE914;
			productRefGroup = 98985DDF21E5ABE7003CE914 /* Products */;
			projectDirPath = "";
			projectRoot = "";
			targets = (
				98985DDD21E5ABE7003CE914 /* Divider */,
			);
		};
/* End PBXProject section */

/* Begin PBXResourcesBuildPhase section */
		98985DDC21E5ABE7003CE914 /* Resources */ = {
			isa = PBXResourcesBuildPhase;
			buildActionMask = 2147483647;
			files = (
				98985DED21E5ABE7003CE914 /* Main.storyboard in Resources */,
				98985DE421E5ABE7003CE914 /* GameScene.sks in Resources */,
				98985DEF21E5ABE8003CE914 /* Assets.xcassets in Resources */,
				98985DF221E5ABE8003CE914 /* LaunchScreen.storyboard in Resources */,
				98985DE621E5ABE7003CE914 /* Actions.sks in Resources */,
				98985DFE21E5B966003CE914 /* pixelMusic.wav in Resources */,
			);
			runOnlyForDeploymentPostprocessing = 0;
		};
/* End PBXResourcesBuildPhase section */

/* Begin PBXSourcesBuildPhase section */
		98985DDA21E5ABE7003CE914 /* Sources */ = {
			isa = PBXSourcesBuildPhase;
			buildActionMask = 2147483647;
			files = (
				98985DFC21E5B79B003CE914 /* GameOverScene.swift in Sources */,
				98985DFA21E5AD0B003CE914 /* GameElements.swift in Sources */,
				98985DE821E5ABE7003CE914 /* GameScene.swift in Sources */,
				98985DEA21E5ABE7003CE914 /* GameViewController.swift in Sources */,
				98985DE221E5ABE7003CE914 /* AppDelegate.swift in Sources */,
			);
			runOnlyForDeploymentPostprocessing = 0;
		};
/* End PBXSourcesBuildPhase section */

/* Begin PBXVariantGroup section */
		98985DEB21E5ABE7003CE914 /* Main.storyboard */ = {
			isa = PBXVariantGroup;
			children = (
				98985DEC21E5ABE7003CE914 /* Base */,
			);
			name = Main.storyboard;
			sourceTree = "<group>";
		};
		98985DF021E5ABE8003CE914 /* LaunchScreen.storyboard */ = {
			isa = PBXVariantGroup;
			children = (
				98985DF121E5ABE8003CE914 /* Base */,
			);
			name = LaunchScreen.storyboard;
			sourceTree = "<group>";
		};
/* End PBXVariantGroup section */

/* Begin XCBuildConfiguration section */
		98985DF421E5ABE8003CE914 /* Debug */ = {
			isa = XCBuildConfiguration;
			buildSettings = {
				ALWAYS_SEARCH_USER_PATHS = NO;
				CLANG_ANALYZER_NONNULL = YES;
				CLANG_ANALYZER_NUMBER_OBJECT_CONVERSION = YES_AGGRESSIVE;
				CLANG_CXX_LANGUAGE_STANDARD = "gnu++14";
				CLANG_CXX_LIBRARY = "libc++";
				CLANG_ENABLE_MODULES = YES;
				CLANG_ENABLE_OBJC_ARC = YES;
				CLANG_ENABLE_OBJC_WEAK = YES;
				CLANG_WARN_BLOCK_CAPTURE_AUTORELEASING = YES;
				CLANG_WARN_BOOL_CONVERSION = YES;
				CLANG_WARN_COMMA = YES;
				CLANG_WARN_CONSTANT_CONVERSION = YES;
				CLANG_WARN_DEPRECATED_OBJC_IMPLEMENTATIONS = YES;
				CLANG_WARN_DIRECT_OBJC_ISA_USAGE = YES_ERROR;
				CLANG_WARN_DOCUMENTATION_COMMENTS = YES;
				CLANG_WARN_EMPTY_BODY = YES;
				CLANG_WARN_ENUM_CONVERSION = YES;
				CLANG_WARN_INFINITE_RECURSION = YES;
				CLANG_WARN_INT_CONVERSION = YES;
				CLANG_WARN_NON_LITERAL_NULL_CONVERSION = YES;
				CLANG_WARN_OBJC_IMPLICIT_RETAIN_SELF = YES;
				CLANG_WARN_OBJC_LITERAL_CONVERSION = YES;
				CLANG_WARN_OBJC_ROOT_CLASS = YES_ERROR;
				CLANG_WARN_RANGE_LOOP_ANALYSIS = YES;
				CLANG_WARN_STRICT_PROTOTYPES = YES;
				CLANG_WARN_SUSPICIOUS_MOVE = YES;
				CLANG_WARN_UNGUARDED_AVAILABILITY = YES_AGGRESSIVE;
				CLANG_WARN_UNREACHABLE_CODE = YES;
				CLANG_WARN__DUPLICATE_METHOD_MATCH = YES;
				CODE_SIGN_IDENTITY = "iPhone Developer";
				COPY_PHASE_STRIP = NO;
				DEBUG_INFORMATION_FORMAT = dwarf;
				ENABLE_STRICT_OBJC_MSGSEND = YES;
				ENABLE_TESTABILITY = YES;
				GCC_C_LANGUAGE_STANDARD = gnu11;
				GCC_DYNAMIC_NO_PIC = NO;
				GCC_NO_COMMON_BLOCKS = YES;
				GCC_OPTIMIZATION_LEVEL = 0;
				GCC_PREPROCESSOR_DEFINITIONS = (
					"DEBUG=1",
					"$(inherited)",
				);
				GCC_WARN_64_TO_32_BIT_CONVERSION = YES;
				GCC_WARN_ABOUT_RETURN_TYPE = YES_ERROR;
				GCC_WARN_UNDECLARED_SELECTOR = YES;
				GCC_WARN_UNINITIALIZED_AUTOS = YES_AGGRESSIVE;
				GCC_WARN_UNUSED_FUNCTION = YES;
				GCC_WARN_UNUSED_VARIABLE = YES;
				IPHONEOS_DEPLOYMENT_TARGET = 12.1;
				MTL_ENABLE_DEBUG_INFO = INCLUDE_SOURCE;
				MTL_FAST_MATH = YES;
				ONLY_ACTIVE_ARCH = YES;
				SDKROOT = iphoneos;
				SWIFT_ACTIVE_COMPILATION_CONDITIONS = DEBUG;
				SWIFT_OPTIMIZATION_LEVEL = "-Onone";
			};
			name = Debug;
		};
		98985DF521E5ABE8003CE914 /* Release */ = {
			isa = XCBuildConfiguration;
			buildSettings = {
				ALWAYS_SEARCH_USER_PATHS = NO;
				CLANG_ANALYZER_NONNULL = YES;
				CLANG_ANALYZER_NUMBER_OBJECT_CONVERSION = YES_AGGRESSIVE;
				CLANG_CXX_LANGUAGE_STANDARD = "gnu++14";
				CLANG_CXX_LIBRARY = "libc++";
				CLANG_ENABLE_MODULES = YES;
				CLANG_ENABLE_OBJC_ARC = YES;
				CLANG_ENABLE_OBJC_WEAK = YES;
				CLANG_WARN_BLOCK_CAPTURE_AUTORELEASING = YES;
				CLANG_WARN_BOOL_CONVERSION = YES;
				CLANG_WARN_COMMA = YES;
				CLANG_WARN_CONSTANT_CONVERSION = YES;
				CLANG_WARN_DEPRECATED_OBJC_IMPLEMENTATIONS = YES;
				CLANG_WARN_DIRECT_OBJC_ISA_USAGE = YES_ERROR;
				CLANG_WARN_DOCUMENTATION_COMMENTS = YES;
				CLANG_WARN_EMPTY_BODY = YES;
				CLANG_WARN_ENUM_CONVERSION = YES;
				CLANG_WARN_INFINITE_RECURSION = YES;
				CLANG_WARN_INT_CONVERSION = YES;
				CLANG_WARN_NON_LITERAL_NULL_CONVERSION = YES;
				CLANG_WARN_OBJC_IMPLICIT_RETAIN_SELF = YES;
				CLANG_WARN_OBJC_LITERAL_CONVERSION = YES;
				CLANG_WARN_OBJC_ROOT_CLASS = YES_ERROR;
				CLANG_WARN_RANGE_LOOP_ANALYSIS = YES;
				CLANG_WARN_STRICT_PROTOTYPES = YES;
				CLANG_WARN_SUSPICIOUS_MOVE = YES;
				CLANG_WARN_UNGUARDED_AVAILABILITY = YES_AGGRESSIVE;
				CLANG_WARN_UNREACHABLE_CODE = YES;
				CLANG_WARN__DUPLICATE_METHOD_MATCH = YES;
				CODE_SIGN_IDENTITY = "iPhone Developer";
				COPY_PHASE_STRIP = NO;
				DEBUG_INFORMATION_FORMAT = "dwarf-with-dsym";
				ENABLE_NS_ASSERTIONS = NO;
				ENABLE_STRICT_OBJC_MSGSEND = YES;
				GCC_C_LANGUAGE_STANDARD = gnu11;
				GCC_NO_COMMON_BLOCKS = YES;
				GCC_WARN_64_TO_32_BIT_CONVERSION = YES;
				GCC_WARN_ABOUT_RETURN_TYPE = YES_ERROR;
				GCC_WARN_UNDECLARED_SELECTOR = YES;
				GCC_WARN_UNINITIALIZED_AUTOS = YES_AGGRESSIVE;
				GCC_WARN_UNUSED_FUNCTION = YES;
				GCC_WARN_UNUSED_VARIABLE = YES;
				IPHONEOS_DEPLOYMENT_TARGET = 12.1;
				MTL_ENABLE_DEBUG_INFO = NO;
				MTL_FAST_MATH = YES;
				SDKROOT = iphoneos;
				SWIFT_COMPILATION_MODE = wholemodule;
				SWIFT_OPTIMIZATION_LEVEL = "-O";
				VALIDATE_PRODUCT = YES;
			};
			name = Release;
		};
		98985DF721E5ABE8003CE914 /* Debug */ = {
			isa = XCBuildConfiguration;
			buildSettings = {
				ASSETCATALOG_COMPILER_APPICON_NAME = AppIcon;
				CODE_SIGN_STYLE = Automatic;
				DEVELOPMENT_TEAM = HYDS6F3576;
				INFOPLIST_FILE = Divider/Info.plist;
				LD_RUNPATH_SEARCH_PATHS = (
					"$(inherited)",
					"@executable_path/Frameworks",
				);
				PRODUCT_BUNDLE_IDENTIFIER = "-.Divider";
				PRODUCT_NAME = "$(TARGET_NAME)";
				SWIFT_VERSION = 4.2;
				TARGETED_DEVICE_FAMILY = "1,2";
			};
			name = Debug;
		};
		98985DF821E5ABE8003CE914 /* Release */ = {
			isa = XCBuildConfiguration;
			buildSettings = {
				ASSETCATALOG_COMPILER_APPICON_NAME = AppIcon;
				CODE_SIGN_STYLE = Automatic;
				DEVELOPMENT_TEAM = HYDS6F3576;
				INFOPLIST_FILE = Divider/Info.plist;
				LD_RUNPATH_SEARCH_PATHS = (
					"$(inherited)",
					"@executable_path/Frameworks",
				);
				PRODUCT_BUNDLE_IDENTIFIER = "-.Divider";
				PRODUCT_NAME = "$(TARGET_NAME)";
				SWIFT_VERSION = 4.2;
				TARGETED_DEVICE_FAMILY = "1,2";
			};
			name = Release;
		};
/* End XCBuildConfiguration section */

/* Begin XCConfigurationList section */
		98985DD921E5ABE7003CE914 /* Build configuration list for PBXProject "Divider" */ = {
			isa = XCConfigurationList;
			buildConfigurations = (
				98985DF421E5ABE8003CE914 /* Debug */,
				98985DF521E5ABE8003CE914 /* Release */,
			);
			defaultConfigurationIsVisible = 0;
			defaultConfigurationName = Release;
		};
		98985DF621E5ABE8003CE914 /* Build configuration list for PBXNativeTarget "Divider" */ = {
			isa = XCConfigurationList;
			buildConfigurations = (
				98985DF721E5ABE8003CE914 /* Debug */,
				98985DF821E5ABE8003CE914 /* Release */,
			);
			defaultConfigurationIsVisible = 0;
			defaultConfigurationName = Release;
		};
/* End XCConfigurationList section */
	};
	rootObject = 98985DD621E5ABE7003CE914 /* Project object */;
}
